# THIS IS AN AUTOGENERATED FILE. DO NOT EDIT THIS FILE DIRECTLY.
# yarn lockfile v1


google-protobuf@^3.14.0:
  version "3.14.0"
  resolved "https://registry.npm.taobao.org/google-protobuf/download/google-protobuf-3.14.0.tgz#20373d22046e63831a5110e11a84f713cc43651e"
  integrity sha1-IDc9IgRuY4MaURDhGoT3E8xDZR4=

grpc-web@^1.2.1:
  version "1.2.1"
  resolved "https://registry.npm.taobao.org/grpc-web/download/grpc-web-1.2.1.tgz#860051d705bf5baa7b81fcbd14030060bf16b7b9"
  integrity sha1-hgBR1wW/W6p7gfy9FAMAYL8Wt7k=
